
Microsoft Visual Studio Solution File, Format Version 12.00
# Visual Studio Version 17
VisualStudioVersion = 17.9.34902.65
MinimumVisualStudioVersion = 10.0.40219.1
Project("{2150E333-8FDC-42A3-9474-1A3956D46DE8}") = "src", "src", "{5DA8DFB2-5075-443A-97E1-4326150454C1}"
EndProject
Project("{FAE04EC0-301F-11D3-BF4B-00C04F79EFBC}") = "GolfLeague.Api", "src\GolfLeague.Api\GolfLeague.Api.csproj", "{198D4EFA-38BA-48B9-B538-DA87D725FF3D}"
EndProject
Project("{FAE04EC0-301F-11D3-BF4B-00C04F79EFBC}") = "GolfLeague.Application", "src\GolfLeague.Application\GolfLeague.Application.csproj", "{20036310-76A2-46FC-A134-03C96528834C}"
EndProject
Project("{FAE04EC0-301F-11D3-BF4B-00C04F79EFBC}") = "GolfLeague.Contracts", "src\GolfLeague.Contracts\GolfLeague.Contracts.csproj", "{C8F11DDE-75BA-4AC6-A241-1630BF2482A4}"
EndProject
Project("{2150E333-8FDC-42A3-9474-1A3956D46DE8}") = "tests", "tests", "{30AE1C55-6F5A-4A28-928E-722491032BAD}"
EndProject
Project("{FAE04EC0-301F-11D3-BF4B-00C04F79EFBC}") = "GolfLeague.Api.Tests.Integration", "tests\GolfLeague.Api.Tests.Integration\GolfLeague.Api.Tests.Integration.csproj", "{B3540A44-9193-4D45-965E-E17E0220B773}"
EndProject
Project("{2150E333-8FDC-42A3-9474-1A3956D46DE8}") = "db", "db", "{985CDD1D-7B55-4A5F-8D21-3EE454328101}"
	ProjectSection(SolutionItems) = preProject
		db\init.sql = db\init.sql
	EndProjectSection
EndProject
Project("{2150E333-8FDC-42A3-9474-1A3956D46DE8}") = "migrations", "migrations", "{0760049B-6127-4618-9F18-49C5C174E0D2}"
	ProjectSection(SolutionItems) = preProject
		db\migrations\V1_0_0__Create_User.sql = db\migrations\V1_0_0__Create_User.sql
		db\migrations\V1_0_1__Create_Table.sql = db\migrations\V1_0_1__Create_Table.sql
		db\migrations\V1_0_2__Seed_Data.sql = db\migrations\V1_0_2__Seed_Data.sql
		db\migrations\V1_0_3__Create_MemberType_Stored_Procedures.sql = db\migrations\V1_0_3__Create_MemberType_Stored_Procedures.sql
		db\migrations\V1_0_4__Create_Member_Stored_Procedures.sql = db\migrations\V1_0_4__Create_Member_Stored_Procedures.sql
		db\migrations\V1_0_5__Create_TournamentType_Stored_Procedures.sql = db\migrations\V1_0_5__Create_TournamentType_Stored_Procedures.sql
		db\migrations\V1_0_6__Create_Tournament_Stored_Procedures.sql = db\migrations\V1_0_6__Create_Tournament_Stored_Procedures.sql
	EndProjectSection
EndProject
Project("{2150E333-8FDC-42A3-9474-1A3956D46DE8}") = "SolutionItems", "SolutionItems", "{F3D79226-8477-4A92-BD14-BF95461C0683}"
	ProjectSection(SolutionItems) = preProject
		.editorconfig = .editorconfig
		.env = .env
		.gitignore = .gitignore
		docker-compose.yml = docker-compose.yml
		global.json = global.json
		License = License
		README.md = README.md
	EndProjectSection
EndProject
Global
	GlobalSection(SolutionProperties) = preSolution
		HideSolutionNode = FALSE
	EndGlobalSection
	GlobalSection(ExtensibilityGlobals) = postSolution
		SolutionGuid = {A0B9D493-709D-4A19-BFCC-681B7B7E73EB}
	EndGlobalSection
	GlobalSection(SolutionConfigurationPlatforms) = preSolution
		Debug|Any CPU = Debug|Any CPU
		Debug|x64 = Debug|x64
		Debug|x86 = Debug|x86
		Release|Any CPU = Release|Any CPU
		Release|x64 = Release|x64
		Release|x86 = Release|x86
	EndGlobalSection
	GlobalSection(ProjectConfigurationPlatforms) = postSolution
		{198D4EFA-38BA-48B9-B538-DA87D725FF3D}.Debug|Any CPU.ActiveCfg = Debug|Any CPU
		{198D4EFA-38BA-48B9-B538-DA87D725FF3D}.Debug|Any CPU.Build.0 = Debug|Any CPU
		{198D4EFA-38BA-48B9-B538-DA87D725FF3D}.Debug|x64.ActiveCfg = Debug|Any CPU
		{198D4EFA-38BA-48B9-B538-DA87D725FF3D}.Debug|x64.Build.0 = Debug|Any CPU
		{198D4EFA-38BA-48B9-B538-DA87D725FF3D}.Debug|x86.ActiveCfg = Debug|Any CPU
		{198D4EFA-38BA-48B9-B538-DA87D725FF3D}.Debug|x86.Build.0 = Debug|Any CPU
		{198D4EFA-38BA-48B9-B538-DA87D725FF3D}.Release|Any CPU.ActiveCfg = Release|Any CPU
		{198D4EFA-38BA-48B9-B538-DA87D725FF3D}.Release|Any CPU.Build.0 = Release|Any CPU
		{198D4EFA-38BA-48B9-B538-DA87D725FF3D}.Release|x64.ActiveCfg = Release|Any CPU
		{198D4EFA-38BA-48B9-B538-DA87D725FF3D}.Release|x64.Build.0 = Release|Any CPU
		{198D4EFA-38BA-48B9-B538-DA87D725FF3D}.Release|x86.ActiveCfg = Release|Any CPU
		{198D4EFA-38BA-48B9-B538-DA87D725FF3D}.Release|x86.Build.0 = Release|Any CPU
		{20036310-76A2-46FC-A134-03C96528834C}.Debug|Any CPU.ActiveCfg = Debug|Any CPU
		{20036310-76A2-46FC-A134-03C96528834C}.Debug|Any CPU.Build.0 = Debug|Any CPU
		{20036310-76A2-46FC-A134-03C96528834C}.Debug|x64.ActiveCfg = Debug|Any CPU
		{20036310-76A2-46FC-A134-03C96528834C}.Debug|x64.Build.0 = Debug|Any CPU
		{20036310-76A2-46FC-A134-03C96528834C}.Debug|x86.ActiveCfg = Debug|Any CPU
		{20036310-76A2-46FC-A134-03C96528834C}.Debug|x86.Build.0 = Debug|Any CPU
		{20036310-76A2-46FC-A134-03C96528834C}.Release|Any CPU.ActiveCfg = Release|Any CPU
		{20036310-76A2-46FC-A134-03C96528834C}.Release|Any CPU.Build.0 = Release|Any CPU
		{20036310-76A2-46FC-A134-03C96528834C}.Release|x64.ActiveCfg = Release|Any CPU
		{20036310-76A2-46FC-A134-03C96528834C}.Release|x64.Build.0 = Release|Any CPU
		{20036310-76A2-46FC-A134-03C96528834C}.Release|x86.ActiveCfg = Release|Any CPU
		{20036310-76A2-46FC-A134-03C96528834C}.Release|x86.Build.0 = Release|Any CPU
		{C8F11DDE-75BA-4AC6-A241-1630BF2482A4}.Debug|Any CPU.ActiveCfg = Debug|Any CPU
		{C8F11DDE-75BA-4AC6-A241-1630BF2482A4}.Debug|Any CPU.Build.0 = Debug|Any CPU
		{C8F11DDE-75BA-4AC6-A241-1630BF2482A4}.Debug|x64.ActiveCfg = Debug|Any CPU
		{C8F11DDE-75BA-4AC6-A241-1630BF2482A4}.Debug|x64.Build.0 = Debug|Any CPU
		{C8F11DDE-75BA-4AC6-A241-1630BF2482A4}.Debug|x86.ActiveCfg = Debug|Any CPU
		{C8F11DDE-75BA-4AC6-A241-1630BF2482A4}.Debug|x86.Build.0 = Debug|Any CPU
		{C8F11DDE-75BA-4AC6-A241-1630BF2482A4}.Release|Any CPU.ActiveCfg = Release|Any CPU
		{C8F11DDE-75BA-4AC6-A241-1630BF2482A4}.Release|Any CPU.Build.0 = Release|Any CPU
		{C8F11DDE-75BA-4AC6-A241-1630BF2482A4}.Release|x64.ActiveCfg = Release|Any CPU
		{C8F11DDE-75BA-4AC6-A241-1630BF2482A4}.Release|x64.Build.0 = Release|Any CPU
		{C8F11DDE-75BA-4AC6-A241-1630BF2482A4}.Release|x86.ActiveCfg = Release|Any CPU
		{C8F11DDE-75BA-4AC6-A241-1630BF2482A4}.Release|x86.Build.0 = Release|Any CPU
		{B3540A44-9193-4D45-965E-E17E0220B773}.Debug|Any CPU.ActiveCfg = Debug|Any CPU
		{B3540A44-9193-4D45-965E-E17E0220B773}.Debug|Any CPU.Build.0 = Debug|Any CPU
		{B3540A44-9193-4D45-965E-E17E0220B773}.Debug|x64.ActiveCfg = Debug|Any CPU
		{B3540A44-9193-4D45-965E-E17E0220B773}.Debug|x64.Build.0 = Debug|Any CPU
		{B3540A44-9193-4D45-965E-E17E0220B773}.Debug|x86.ActiveCfg = Debug|Any CPU
		{B3540A44-9193-4D45-965E-E17E0220B773}.Debug|x86.Build.0 = Debug|Any CPU
		{B3540A44-9193-4D45-965E-E17E0220B773}.Release|Any CPU.ActiveCfg = Release|Any CPU
		{B3540A44-9193-4D45-965E-E17E0220B773}.Release|Any CPU.Build.0 = Release|Any CPU
		{B3540A44-9193-4D45-965E-E17E0220B773}.Release|x64.ActiveCfg = Release|Any CPU
		{B3540A44-9193-4D45-965E-E17E0220B773}.Release|x64.Build.0 = Release|Any CPU
		{B3540A44-9193-4D45-965E-E17E0220B773}.Release|x86.ActiveCfg = Release|Any CPU
		{B3540A44-9193-4D45-965E-E17E0220B773}.Release|x86.Build.0 = Release|Any CPU
	EndGlobalSection
	GlobalSection(NestedProjects) = preSolution
		{198D4EFA-38BA-48B9-B538-DA87D725FF3D} = {5DA8DFB2-5075-443A-97E1-4326150454C1}
		{20036310-76A2-46FC-A134-03C96528834C} = {5DA8DFB2-5075-443A-97E1-4326150454C1}
		{C8F11DDE-75BA-4AC6-A241-1630BF2482A4} = {5DA8DFB2-5075-443A-97E1-4326150454C1}
		{B3540A44-9193-4D45-965E-E17E0220B773} = {30AE1C55-6F5A-4A28-928E-722491032BAD}
		{0760049B-6127-4618-9F18-49C5C174E0D2} = {985CDD1D-7B55-4A5F-8D21-3EE454328101}
	EndGlobalSection
EndGlobal
